lockfileVersion: 5.4

specifiers:
  '@vueuse/core': ^9.13.0

dependencies:
  '@vueuse/core': registry.npmmirror.com/@vueuse/core/9.13.0

packages:

  registry.npmmirror.com/@types/web-bluetooth/0.0.16:
    resolution: {integrity: sha512-oh8q2Zc32S6gd/j50GowEjKLoOVOwHP/bWVjKJInBwQqdOYMdPrf1oVlelTlyfFK3CKxL1uahMDAr+vy8T7yMQ==, registry: https://registry.npm.taobao.org/, tarball: https://registry.npmmirror.com/@types/web-bluetooth/-/web-bluetooth-0.0.16.tgz}
    name: '@types/web-bluetooth'
    version: 0.0.16
    dev: false

  registry.npmmirror.com/@vueuse/core/9.13.0:
    resolution: {integrity: sha512-pujnclbeHWxxPRqXWmdkKV5OX4Wk4YeK7wusHqRwU0Q7EFusHoqNA/aPhB6KCh9hEqJkLAJo7bb0Lh9b+OIVzw==, registry: https://registry.npm.taobao.org/, tarball: https://registry.npmmirror.com/@vueuse/core/-/core-9.13.0.tgz}
    name: '@vueuse/core'
    version: 9.13.0
    dependencies:
      '@types/web-bluetooth': registry.npmmirror.com/@types/web-bluetooth/0.0.16
      '@vueuse/metadata': registry.npmmirror.com/@vueuse/metadata/9.13.0
      '@vueuse/shared': registry.npmmirror.com/@vueuse/shared/9.13.0
      vue-demi: registry.npmmirror.com/vue-demi/0.13.11
    transitivePeerDependencies:
      - '@vue/composition-api'
      - vue
    dev: false

  registry.npmmirror.com/@vueuse/metadata/9.13.0:
    resolution: {integrity: sha512-gdU7TKNAUVlXXLbaF+ZCfte8BjRJQWPCa2J55+7/h+yDtzw3vOoGQDRXzI6pyKyo6bXFT5/QoPE4hAknExjRLQ==, registry: https://registry.npm.taobao.org/, tarball: https://registry.npmmirror.com/@vueuse/metadata/-/metadata-9.13.0.tgz}
    name: '@vueuse/metadata'
    version: 9.13.0
    dev: false

  registry.npmmirror.com/@vueuse/shared/9.13.0:
    resolution: {integrity: sha512-UrnhU+Cnufu4S6JLCPZnkWh0WwZGUp72ktOF2DFptMlOs3TOdVv8xJN53zhHGARmVOsz5KqOls09+J1NR6sBKw==, registry: https://registry.npm.taobao.org/, tarball: https://registry.npmmirror.com/@vueuse/shared/-/shared-9.13.0.tgz}
    name: '@vueuse/shared'
    version: 9.13.0
    dependencies:
      vue-demi: registry.npmmirror.com/vue-demi/0.13.11
    transitivePeerDependencies:
      - '@vue/composition-api'
      - vue
    dev: false

  registry.npmmirror.com/vue-demi/0.13.11:
    resolution: {integrity: sha512-IR8HoEEGM65YY3ZJYAjMlKygDQn25D5ajNFNoKh9RSDMQtlzCxtfQjdQgv9jjK+m3377SsJXY8ysq8kLCZL25A==, registry: https://registry.npm.taobao.org/, tarball: https://registry.npmmirror.com/vue-demi/-/vue-demi-0.13.11.tgz}
    name: vue-demi
    version: 0.13.11
    engines: {node: '>=12'}
    hasBin: true
    requiresBuild: true
    peerDependencies:
      '@vue/composition-api': ^1.0.0-rc.1
      vue: ^3.0.0-0 || ^2.6.0
    peerDependenciesMeta:
      '@vue/composition-api':
        optional: true
    dev: false
